
Microsoft Visual Studio Solution File, Format Version 12.00
# Visual Studio Version 16
VisualStudioVersion = 16.0.29509.3
MinimumVisualStudioVersion = 10.0.40219.1
Project("{FAE04EC0-301F-11D3-BF4B-00C04F79EFBC}") = "P01_HospitalDatabase", "P01_HospitalDatabase\P01_HospitalDatabase.csproj", "{1EC46639-A444-4870-BCE4-C39299E38C80}"
EndProject
Project("{FAE04EC0-301F-11D3-BF4B-00C04F79EFBC}") = "P03_SalesDatabase", "P03_SalesDatabase\P03_SalesDatabase.csproj", "{2316C7E8-24C8-4645-877B-17454FFE945E}"
EndProject
Global
	GlobalSection(SolutionConfigurationPlatforms) = preSolution
		Debug|Any CPU = Debug|Any CPU
		Release|Any CPU = Release|Any CPU
	EndGlobalSection
	GlobalSection(ProjectConfigurationPlatforms) = postSolution
		{1EC46639-A444-4870-BCE4-C39299E38C80}.Debug|Any CPU.ActiveCfg = Debug|Any CPU
		{1EC46639-A444-4870-BCE4-C39299E38C80}.Debug|Any CPU.Build.0 = Debug|Any CPU
		{1EC46639-A444-4870-BCE4-C39299E38C80}.Release|Any CPU.ActiveCfg = Release|Any CPU
		{1EC46639-A444-4870-BCE4-C39299E38C80}.Release|Any CPU.Build.0 = Release|Any CPU
		{2316C7E8-24C8-4645-877B-17454FFE945E}.Debug|Any CPU.ActiveCfg = Debug|Any CPU
		{2316C7E8-24C8-4645-877B-17454FFE945E}.Debug|Any CPU.Build.0 = Debug|Any CPU
		{2316C7E8-24C8-4645-877B-17454FFE945E}.Release|Any CPU.ActiveCfg = Release|Any CPU
		{2316C7E8-24C8-4645-877B-17454FFE945E}.Release|Any CPU.Build.0 = Release|Any CPU
	EndGlobalSection
	GlobalSection(SolutionProperties) = preSolution
		HideSolutionNode = FALSE
	EndGlobalSection
	GlobalSection(ExtensibilityGlobals) = postSolution
		SolutionGuid = {60B70E85-3A14-4EA0-BEED-03299C94D0DA}
	EndGlobalSection
EndGlobal
